// !$*UTF8*$!
{
	archiveVersion = 1;
	classes = {
	};
	objectVersion = 46;
	objects = {

/* Begin PBXBuildFile section */
		7D75E7EB4BCA46899A3BDB68 /* libPods.a in Frameworks */ = {isa = PBXBuildFile; fileRef = 5E7DE4A21D7249CBBB8C1526 /* libPods.a */; };
		8C0A9E45192A8D81003224EE /* Localizable.strings in Resources */ = {isa = PBXBuildFile; fileRef = 8C0A9E47192A8D81003224EE /* Localizable.strings */; };
		8C6FC4BC1927F7A900366F89 /* Settings.bundle in Resources */ = {isa = PBXBuildFile; fileRef = 8C6FC4BB1927F7A900366F89 /* Settings.bundle */; };
		8C88BD26190FE8C300A61444 /* SPDBRootViewController.m in Sources */ = {isa = PBXBuildFile; fileRef = 8C88BD25190FE8C300A61444 /* SPDBRootViewController.m */; };
		8C88BD28190FED1000A61444 /* MapKit.framework in Frameworks */ = {isa = PBXBuildFile; fileRef = 8C88BD27190FED1000A61444 /* MapKit.framework */; };
		8C88BD2C190FF0C700A61444 /* SPDBMapSelectionViewController.m in Sources */ = {isa = PBXBuildFile; fileRef = 8C88BD2B190FF0C700A61444 /* SPDBMapSelectionViewController.m */; };
		8C88BD35191035EA00A61444 /* SPDBMapRouteProjectionViewController.m in Sources */ = {isa = PBXBuildFile; fileRef = 8C88BD34191035EA00A61444 /* SPDBMapRouteProjectionViewController.m */; };
		8C8A8FB4190F8BD50087AE07 /* Foundation.framework in Frameworks */ = {isa = PBXBuildFile; fileRef = 8C8A8FB3190F8BD50087AE07 /* Foundation.framework */; };
		8C8A8FB6190F8BD50087AE07 /* CoreGraphics.framework in Frameworks */ = {isa = PBXBuildFile; fileRef = 8C8A8FB5190F8BD50087AE07 /* CoreGraphics.framework */; };
		8C8A8FB8190F8BD50087AE07 /* UIKit.framework in Frameworks */ = {isa = PBXBuildFile; fileRef = 8C8A8FB7190F8BD50087AE07 /* UIKit.framework */; };
		8C8A8FBE190F8BD50087AE07 /* InfoPlist.strings in Resources */ = {isa = PBXBuildFile; fileRef = 8C8A8FBC190F8BD50087AE07 /* InfoPlist.strings */; };
		8C8A8FC0190F8BD50087AE07 /* main.m in Sources */ = {isa = PBXBuildFile; fileRef = 8C8A8FBF190F8BD50087AE07 /* main.m */; };
		8C8A8FC4190F8BD50087AE07 /* SPDBAppDelegate.m in Sources */ = {isa = PBXBuildFile; fileRef = 8C8A8FC3190F8BD50087AE07 /* SPDBAppDelegate.m */; };
		8C8A8FC7190F8BD50087AE07 /* Main.storyboard in Resources */ = {isa = PBXBuildFile; fileRef = 8C8A8FC5190F8BD50087AE07 /* Main.storyboard */; };
		8C8A8FCC190F8BD50087AE07 /* Images.xcassets in Resources */ = {isa = PBXBuildFile; fileRef = 8C8A8FCB190F8BD50087AE07 /* Images.xcassets */; };
		8C8A8FD3190F8BD50087AE07 /* XCTest.framework in Frameworks */ = {isa = PBXBuildFile; fileRef = 8C8A8FD2190F8BD50087AE07 /* XCTest.framework */; };
		8C8A8FD4190F8BD50087AE07 /* Foundation.framework in Frameworks */ = {isa = PBXBuildFile; fileRef = 8C8A8FB3190F8BD50087AE07 /* Foundation.framework */; };
		8C8A8FD5190F8BD50087AE07 /* UIKit.framework in Frameworks */ = {isa = PBXBuildFile; fileRef = 8C8A8FB7190F8BD50087AE07 /* UIKit.framework */; };
		8C8A8FDD190F8BD50087AE07 /* InfoPlist.strings in Resources */ = {isa = PBXBuildFile; fileRef = 8C8A8FDB190F8BD50087AE07 /* InfoPlist.strings */; };
		8CA9B9F419103AB400A0368A /* SPDBShortestPathFetcher.m in Sources */ = {isa = PBXBuildFile; fileRef = 8CA9B9F319103AB400A0368A /* SPDBShortestPathFetcher.m */; };
		8CA9B9F819103FA000A0368A /* SPDBShortestPathFetcherTests.m in Sources */ = {isa = PBXBuildFile; fileRef = 8CA9B9F719103FA000A0368A /* SPDBShortestPathFetcherTests.m */; };
		8CAA1989190F978F00992379 /* SPDBServiceMappingTests.m in Sources */ = {isa = PBXBuildFile; fileRef = 8CAA1988190F978F00992379 /* SPDBServiceMappingTests.m */; };
		8CAA198C190F986A00992379 /* mapentry.json in Resources */ = {isa = PBXBuildFile; fileRef = 8CAA198B190F986A00992379 /* mapentry.json */; };
		8CAA1990190F99AA00992379 /* SPDBMapEntry.m in Sources */ = {isa = PBXBuildFile; fileRef = 8CAA198F190F99AA00992379 /* SPDBMapEntry.m */; };
		8CAA1994190F9A0E00992379 /* SPDBMappingFactory.m in Sources */ = {isa = PBXBuildFile; fileRef = 8CAA1993190F9A0E00992379 /* SPDBMappingFactory.m */; };
		8CAA199E190FAD6F00992379 /* SPDBShortestPathRequest.m in Sources */ = {isa = PBXBuildFile; fileRef = 8CAA199D190FAD6F00992379 /* SPDBShortestPathRequest.m */; };
		8CAA19A2190FB1BF00992379 /* SPDBConfigurationProvider.m in Sources */ = {isa = PBXBuildFile; fileRef = 8CAA19A1190FB1BF00992379 /* SPDBConfigurationProvider.m */; };
		8CAA19A4190FB1EB00992379 /* config.plist in Resources */ = {isa = PBXBuildFile; fileRef = 8CAA19A3190FB1EB00992379 /* config.plist */; };
		8CAA19A8190FB35B00992379 /* SPDBConfigurationProviderTests.m in Sources */ = {isa = PBXBuildFile; fileRef = 8CAA19A7190FB35B00992379 /* SPDBConfigurationProviderTests.m */; };
		8CAA19AC190FB47D00992379 /* SPDBObjectManagerFactory.m in Sources */ = {isa = PBXBuildFile; fileRef = 8CAA19AB190FB47D00992379 /* SPDBObjectManagerFactory.m */; };
		8CAA19B0190FB72F00992379 /* SPDBObjectManagerFactoryTests.m in Sources */ = {isa = PBXBuildFile; fileRef = 8CAA19AF190FB72F00992379 /* SPDBObjectManagerFactoryTests.m */; };
		8CDAA3A51911855C0064F858 /* SPDBRoute.m in Sources */ = {isa = PBXBuildFile; fileRef = 8CDAA3A41911855C0064F858 /* SPDBRoute.m */; };
		8CDAA3A71911AE580064F858 /* route.json in Resources */ = {isa = PBXBuildFile; fileRef = 8CDAA3A61911AE580064F858 /* route.json */; };
		8CDAA3AB1912716A0064F858 /* SPDBDateUtilities.m in Sources */ = {isa = PBXBuildFile; fileRef = 8CDAA3AA1912716A0064F858 /* SPDBDateUtilities.m */; };
		8CDAA3AE1912720A0064F858 /* SPDBDateUtilitiesTests.m in Sources */ = {isa = PBXBuildFile; fileRef = 8CDAA3AD1912720A0064F858 /* SPDBDateUtilitiesTests.m */; };
/* End PBXBuildFile section */

/* Begin PBXContainerItemProxy section */
		8C8A8FD6190F8BD50087AE07 /* PBXContainerItemProxy */ = {
			isa = PBXContainerItemProxy;
			containerPortal = 8C8A8FA8190F8BD50087AE07 /* Project object */;
			proxyType = 1;
			remoteGlobalIDString = 8C8A8FAF190F8BD50087AE07;
			remoteInfo = SPDBClient;
		};
/* End PBXContainerItemProxy section */

/* Begin PBXFileReference section */
		5E7DE4A21D7249CBBB8C1526 /* libPods.a */ = {isa = PBXFileReference; explicitFileType = archive.ar; includeInIndex = 0; path = libPods.a; sourceTree = BUILT_PRODUCTS_DIR; };
		8C0A9E40192A84B6003224EE /* pl */ = {isa = PBXFileReference; lastKnownFileType = text.plist.strings; name = pl; path = pl.lproj/Main.strings; sourceTree = "<group>"; };
		8C0A9E41192A84B6003224EE /* pl */ = {isa = PBXFileReference; lastKnownFileType = text.plist.strings; name = pl; path = pl.lproj/InfoPlist.strings; sourceTree = "<group>"; };
		8C0A9E42192A84B6003224EE /* pl */ = {isa = PBXFileReference; lastKnownFileType = text.plist.strings; name = pl; path = pl.lproj/InfoPlist.strings; sourceTree = "<group>"; };
		8C0A9E46192A8D81003224EE /* en */ = {isa = PBXFileReference; lastKnownFileType = text.plist.strings; name = en; path = en.lproj/Localizable.strings; sourceTree = "<group>"; };
		8C0A9E48192A8D87003224EE /* pl */ = {isa = PBXFileReference; lastKnownFileType = text.plist.strings; name = pl; path = pl.lproj/Localizable.strings; sourceTree = "<group>"; };
		8C6FC4BB1927F7A900366F89 /* Settings.bundle */ = {isa = PBXFileReference; lastKnownFileType = "wrapper.plug-in"; name = Settings.bundle; path = SPDBClient/Settings.bundle; sourceTree = "<group>"; };
		8C88BD24190FE8C300A61444 /* SPDBRootViewController.h */ = {isa = PBXFileReference; fileEncoding = 4; lastKnownFileType = sourcecode.c.h; path = SPDBRootViewController.h; sourceTree = "<group>"; };
		8C88BD25190FE8C300A61444 /* SPDBRootViewController.m */ = {isa = PBXFileReference; fileEncoding = 4; lastKnownFileType = sourcecode.c.objc; path = SPDBRootViewController.m; sourceTree = "<group>"; };
		8C88BD27190FED1000A61444 /* MapKit.framework */ = {isa = PBXFileReference; lastKnownFileType = wrapper.framework; name = MapKit.framework; path = System/Library/Frameworks/MapKit.framework; sourceTree = SDKROOT; };
		8C88BD2A190FF0C700A61444 /* SPDBMapSelectionViewController.h */ = {isa = PBXFileReference; fileEncoding = 4; lastKnownFileType = sourcecode.c.h; path = SPDBMapSelectionViewController.h; sourceTree = "<group>"; };
		8C88BD2B190FF0C700A61444 /* SPDBMapSelectionViewController.m */ = {isa = PBXFileReference; fileEncoding = 4; lastKnownFileType = sourcecode.c.objc; path = SPDBMapSelectionViewController.m; sourceTree = "<group>"; };
		8C88BD311910108900A61444 /* SPDBMapSelectionDelegate.h */ = {isa = PBXFileReference; lastKnownFileType = sourcecode.c.h; path = SPDBMapSelectionDelegate.h; sourceTree = "<group>"; };
		8C88BD33191035EA00A61444 /* SPDBMapRouteProjectionViewController.h */ = {isa = PBXFileReference; fileEncoding = 4; lastKnownFileType = sourcecode.c.h; path = SPDBMapRouteProjectionViewController.h; sourceTree = "<group>"; };
		8C88BD34191035EA00A61444 /* SPDBMapRouteProjectionViewController.m */ = {isa = PBXFileReference; fileEncoding = 4; lastKnownFileType = sourcecode.c.objc; path = SPDBMapRouteProjectionViewController.m; sourceTree = "<group>"; };
		8C8A8FB0190F8BD50087AE07 /* SPDBClient.app */ = {isa = PBXFileReference; explicitFileType = wrapper.application; includeInIndex = 0; path = SPDBClient.app; sourceTree = BUILT_PRODUCTS_DIR; };
		8C8A8FB3190F8BD50087AE07 /* Foundation.framework */ = {isa = PBXFileReference; lastKnownFileType = wrapper.framework; name = Foundation.framework; path = System/Library/Frameworks/Foundation.framework; sourceTree = SDKROOT; };
		8C8A8FB5190F8BD50087AE07 /* CoreGraphics.framework */ = {isa = PBXFileReference; lastKnownFileType = wrapper.framework; name = CoreGraphics.framework; path = System/Library/Frameworks/CoreGraphics.framework; sourceTree = SDKROOT; };
		8C8A8FB7190F8BD50087AE07 /* UIKit.framework */ = {isa = PBXFileReference; lastKnownFileType = wrapper.framework; name = UIKit.framework; path = System/Library/Frameworks/UIKit.framework; sourceTree = SDKROOT; };
		8C8A8FBB190F8BD50087AE07 /* SPDBClient-Info.plist */ = {isa = PBXFileReference; lastKnownFileType = text.plist.xml; path = "SPDBClient-Info.plist"; sourceTree = "<group>"; };
		8C8A8FBD190F8BD50087AE07 /* en */ = {isa = PBXFileReference; lastKnownFileType = text.plist.strings; name = en; path = en.lproj/InfoPlist.strings; sourceTree = "<group>"; };
		8C8A8FBF190F8BD50087AE07 /* main.m */ = {isa = PBXFileReference; lastKnownFileType = sourcecode.c.objc; path = main.m; sourceTree = "<group>"; };
		8C8A8FC1190F8BD50087AE07 /* SPDBClient-Prefix.pch */ = {isa = PBXFileReference; lastKnownFileType = sourcecode.c.h; path = "SPDBClient-Prefix.pch"; sourceTree = "<group>"; };
		8C8A8FC2190F8BD50087AE07 /* SPDBAppDelegate.h */ = {isa = PBXFileReference; lastKnownFileType = sourcecode.c.h; path = SPDBAppDelegate.h; sourceTree = "<group>"; };
		8C8A8FC3190F8BD50087AE07 /* SPDBAppDelegate.m */ = {isa = PBXFileReference; lastKnownFileType = sourcecode.c.objc; path = SPDBAppDelegate.m; sourceTree = "<group>"; };
		8C8A8FC6190F8BD50087AE07 /* Base */ = {isa = PBXFileReference; lastKnownFileType = file.storyboard; name = Base; path = Base.lproj/Main.storyboard; sourceTree = "<group>"; };
		8C8A8FCB190F8BD50087AE07 /* Images.xcassets */ = {isa = PBXFileReference; lastKnownFileType = folder.assetcatalog; path = Images.xcassets; sourceTree = "<group>"; };
		8C8A8FD1190F8BD50087AE07 /* SPDBClientTests.xctest */ = {isa = PBXFileReference; explicitFileType = wrapper.cfbundle; includeInIndex = 0; path = SPDBClientTests.xctest; sourceTree = BUILT_PRODUCTS_DIR; };
		8C8A8FD2190F8BD50087AE07 /* XCTest.framework */ = {isa = PBXFileReference; lastKnownFileType = wrapper.framework; name = XCTest.framework; path = Library/Frameworks/XCTest.framework; sourceTree = DEVELOPER_DIR; };
		8C8A8FDA190F8BD50087AE07 /* SPDBClientTests-Info.plist */ = {isa = PBXFileReference; lastKnownFileType = text.plist.xml; path = "SPDBClientTests-Info.plist"; sourceTree = "<group>"; };
		8C8A8FDC190F8BD50087AE07 /* en */ = {isa = PBXFileReference; lastKnownFileType = text.plist.strings; name = en; path = en.lproj/InfoPlist.strings; sourceTree = "<group>"; };
		8CA9B9F219103AB400A0368A /* SPDBShortestPathFetcher.h */ = {isa = PBXFileReference; fileEncoding = 4; lastKnownFileType = sourcecode.c.h; path = SPDBShortestPathFetcher.h; sourceTree = "<group>"; };
		8CA9B9F319103AB400A0368A /* SPDBShortestPathFetcher.m */ = {isa = PBXFileReference; fileEncoding = 4; lastKnownFileType = sourcecode.c.objc; path = SPDBShortestPathFetcher.m; sourceTree = "<group>"; };
		8CA9B9F519103ACD00A0368A /* SPDBShortestPathFetcherDelegate.h */ = {isa = PBXFileReference; lastKnownFileType = sourcecode.c.h; path = SPDBShortestPathFetcherDelegate.h; sourceTree = "<group>"; };
		8CA9B9F719103FA000A0368A /* SPDBShortestPathFetcherTests.m */ = {isa = PBXFileReference; fileEncoding = 4; lastKnownFileType = sourcecode.c.objc; path = SPDBShortestPathFetcherTests.m; sourceTree = "<group>"; };
		8CAA1988190F978F00992379 /* SPDBServiceMappingTests.m */ = {isa = PBXFileReference; fileEncoding = 4; lastKnownFileType = sourcecode.c.objc; path = SPDBServiceMappingTests.m; sourceTree = "<group>"; };
		8CAA198B190F986A00992379 /* mapentry.json */ = {isa = PBXFileReference; fileEncoding = 4; lastKnownFileType = text.json; name = mapentry.json; path = Fixtures/mapentry.json; sourceTree = "<group>"; };
		8CAA198E190F99AA00992379 /* SPDBMapEntry.h */ = {isa = PBXFileReference; fileEncoding = 4; lastKnownFileType = sourcecode.c.h; path = SPDBMapEntry.h; sourceTree = "<group>"; };
		8CAA198F190F99AA00992379 /* SPDBMapEntry.m */ = {isa = PBXFileReference; fileEncoding = 4; lastKnownFileType = sourcecode.c.objc; path = SPDBMapEntry.m; sourceTree = "<group>"; };
		8CAA1992190F9A0E00992379 /* SPDBMappingFactory.h */ = {isa = PBXFileReference; fileEncoding = 4; lastKnownFileType = sourcecode.c.h; path = SPDBMappingFactory.h; sourceTree = "<group>"; };
		8CAA1993190F9A0E00992379 /* SPDBMappingFactory.m */ = {isa = PBXFileReference; fileEncoding = 4; lastKnownFileType = sourcecode.c.objc; path = SPDBMappingFactory.m; sourceTree = "<group>"; };
		8CAA199C190FAD6F00992379 /* SPDBShortestPathRequest.h */ = {isa = PBXFileReference; fileEncoding = 4; lastKnownFileType = sourcecode.c.h; path = SPDBShortestPathRequest.h; sourceTree = "<group>"; };
		8CAA199D190FAD6F00992379 /* SPDBShortestPathRequest.m */ = {isa = PBXFileReference; fileEncoding = 4; lastKnownFileType = sourcecode.c.objc; path = SPDBShortestPathRequest.m; sourceTree = "<group>"; };
		8CAA19A0190FB1BF00992379 /* SPDBConfigurationProvider.h */ = {isa = PBXFileReference; fileEncoding = 4; lastKnownFileType = sourcecode.c.h; path = SPDBConfigurationProvider.h; sourceTree = "<group>"; };
		8CAA19A1190FB1BF00992379 /* SPDBConfigurationProvider.m */ = {isa = PBXFileReference; fileEncoding = 4; lastKnownFileType = sourcecode.c.objc; path = SPDBConfigurationProvider.m; sourceTree = "<group>"; };
		8CAA19A3190FB1EB00992379 /* config.plist */ = {isa = PBXFileReference; fileEncoding = 4; lastKnownFileType = text.plist.xml; path = config.plist; sourceTree = "<group>"; };
		8CAA19A7190FB35B00992379 /* SPDBConfigurationProviderTests.m */ = {isa = PBXFileReference; fileEncoding = 4; lastKnownFileType = sourcecode.c.objc; path = SPDBConfigurationProviderTests.m; sourceTree = "<group>"; };
		8CAA19AA190FB47D00992379 /* SPDBObjectManagerFactory.h */ = {isa = PBXFileReference; fileEncoding = 4; lastKnownFileType = sourcecode.c.h; path = SPDBObjectManagerFactory.h; sourceTree = "<group>"; };
		8CAA19AB190FB47D00992379 /* SPDBObjectManagerFactory.m */ = {isa = PBXFileReference; fileEncoding = 4; lastKnownFileType = sourcecode.c.objc; path = SPDBObjectManagerFactory.m; sourceTree = "<group>"; };
		8CAA19AF190FB72F00992379 /* SPDBObjectManagerFactoryTests.m */ = {isa = PBXFileReference; fileEncoding = 4; lastKnownFileType = sourcecode.c.objc; path = SPDBObjectManagerFactoryTests.m; sourceTree = "<group>"; };
		8CDAA3A31911855C0064F858 /* SPDBRoute.h */ = {isa = PBXFileReference; fileEncoding = 4; lastKnownFileType = sourcecode.c.h; path = SPDBRoute.h; sourceTree = "<group>"; };
		8CDAA3A41911855C0064F858 /* SPDBRoute.m */ = {isa = PBXFileReference; fileEncoding = 4; lastKnownFileType = sourcecode.c.objc; path = SPDBRoute.m; sourceTree = "<group>"; };
		8CDAA3A61911AE580064F858 /* route.json */ = {isa = PBXFileReference; fileEncoding = 4; lastKnownFileType = text.json; path = route.json; sourceTree = "<group>"; };
		8CDAA3A91912716A0064F858 /* SPDBDateUtilities.h */ = {isa = PBXFileReference; fileEncoding = 4; lastKnownFileType = sourcecode.c.h; path = SPDBDateUtilities.h; sourceTree = "<group>"; };
		8CDAA3AA1912716A0064F858 /* SPDBDateUtilities.m */ = {isa = PBXFileReference; fileEncoding = 4; lastKnownFileType = sourcecode.c.objc; path = SPDBDateUtilities.m; sourceTree = "<group>"; };
		8CDAA3AD1912720A0064F858 /* SPDBDateUtilitiesTests.m */ = {isa = PBXFileReference; fileEncoding = 4; lastKnownFileType = sourcecode.c.objc; path = SPDBDateUtilitiesTests.m; sourceTree = "<group>"; };
		BF32A380C4144B0C963535D0 /* Pods.xcconfig */ = {isa = PBXFileReference; includeInIndex = 1; lastKnownFileType = text.xcconfig; name = Pods.xcconfig; path = Pods/Pods.xcconfig; sourceTree = "<group>"; };
/* End PBXFileReference section */

/* Begin PBXFrameworksBuildPhase section */
		8C8A8FAD190F8BD50087AE07 /* Frameworks */ = {
			isa = PBXFrameworksBuildPhase;
			buildActionMask = 2147483647;
			files = (
				8C88BD28190FED1000A61444 /* MapKit.framework in Frameworks */,
				8C8A8FB6190F8BD50087AE07 /* CoreGraphics.framework in Frameworks */,
				8C8A8FB8190F8BD50087AE07 /* UIKit.framework in Frameworks */,
				8C8A8FB4190F8BD50087AE07 /* Foundation.framework in Frameworks */,
				7D75E7EB4BCA46899A3BDB68 /* libPods.a in Frameworks */,
			);
			runOnlyForDeploymentPostprocessing = 0;
		};
		8C8A8FCE190F8BD50087AE07 /* Frameworks */ = {
			isa = PBXFrameworksBuildPhase;
			buildActionMask = 2147483647;
			files = (
				8C8A8FD3190F8BD50087AE07 /* XCTest.framework in Frameworks */,
				8C8A8FD5190F8BD50087AE07 /* UIKit.framework in Frameworks */,
				8C8A8FD4190F8BD50087AE07 /* Foundation.framework in Frameworks */,
			);
			runOnlyForDeploymentPostprocessing = 0;
		};
/* End PBXFrameworksBuildPhase section */

/* Begin PBXGroup section */
		8C88BD23190FE88B00A61444 /* View */ = {
			isa = PBXGroup;
			children = (
				8C88BD32191035B600A61444 /* MapProjection */,
				8C88BD29190FF09E00A61444 /* MapSelection */,
				8C88BD24190FE8C300A61444 /* SPDBRootViewController.h */,
				8C88BD25190FE8C300A61444 /* SPDBRootViewController.m */,
			);
			name = View;
			sourceTree = "<group>";
		};
		8C88BD29190FF09E00A61444 /* MapSelection */ = {
			isa = PBXGroup;
			children = (
				8C88BD2A190FF0C700A61444 /* SPDBMapSelectionViewController.h */,
				8C88BD2B190FF0C700A61444 /* SPDBMapSelectionViewController.m */,
				8C88BD311910108900A61444 /* SPDBMapSelectionDelegate.h */,
			);
			name = MapSelection;
			sourceTree = "<group>";
		};
		8C88BD32191035B600A61444 /* MapProjection */ = {
			isa = PBXGroup;
			children = (
				8C88BD33191035EA00A61444 /* SPDBMapRouteProjectionViewController.h */,
				8C88BD34191035EA00A61444 /* SPDBMapRouteProjectionViewController.m */,
			);
			name = MapProjection;
			sourceTree = "<group>";
		};
		8C8A8FA7190F8BD50087AE07 = {
			isa = PBXGroup;
			children = (
				8C0A9E47192A8D81003224EE /* Localizable.strings */,
				8C6FC4BB1927F7A900366F89 /* Settings.bundle */,
				8C8A8FB9190F8BD50087AE07 /* SPDBClient */,
				8C8A8FD8190F8BD50087AE07 /* SPDBClientTests */,
				8C8A8FB2190F8BD50087AE07 /* Frameworks */,
				8C8A8FB1190F8BD50087AE07 /* Products */,
				BF32A380C4144B0C963535D0 /* Pods.xcconfig */,
			);
			sourceTree = "<group>";
		};
		8C8A8FB1190F8BD50087AE07 /* Products */ = {
			isa = PBXGroup;
			children = (
				8C8A8FB0190F8BD50087AE07 /* SPDBClient.app */,
				8C8A8FD1190F8BD50087AE07 /* SPDBClientTests.xctest */,
			);
			name = Products;
			sourceTree = "<group>";
		};
		8C8A8FB2190F8BD50087AE07 /* Frameworks */ = {
			isa = PBXGroup;
			children = (
				8C88BD27190FED1000A61444 /* MapKit.framework */,
				8C8A8FB3190F8BD50087AE07 /* Foundation.framework */,
				8C8A8FB5190F8BD50087AE07 /* CoreGraphics.framework */,
				8C8A8FB7190F8BD50087AE07 /* UIKit.framework */,
				8C8A8FD2190F8BD50087AE07 /* XCTest.framework */,
				5E7DE4A21D7249CBBB8C1526 /* libPods.a */,
			);
			name = Frameworks;
			sourceTree = "<group>";
		};
		8C8A8FB9190F8BD50087AE07 /* SPDBClient */ = {
			isa = PBXGroup;
			children = (
				8CDAA3A8191271580064F858 /* Logic */,
				8C88BD23190FE88B00A61444 /* View */,
				8CAA199F190FB1A900992379 /* Configuration */,
				8CAA198D190F999500992379 /* Entity */,
				8CAA1991190F99F900992379 /* Mapping */,
				8CAA1995190FACD000992379 /* Service */,
				8C8A8FC2190F8BD50087AE07 /* SPDBAppDelegate.h */,
				8C8A8FC3190F8BD50087AE07 /* SPDBAppDelegate.m */,
				8C8A8FC5190F8BD50087AE07 /* Main.storyboard */,
				8C8A8FCB190F8BD50087AE07 /* Images.xcassets */,
				8C8A8FBA190F8BD50087AE07 /* Supporting Files */,
			);
			path = SPDBClient;
			sourceTree = "<group>";
		};
		8C8A8FBA190F8BD50087AE07 /* Supporting Files */ = {
			isa = PBXGroup;
			children = (
				8C8A8FBB190F8BD50087AE07 /* SPDBClient-Info.plist */,
				8C8A8FBC190F8BD50087AE07 /* InfoPlist.strings */,
				8C8A8FBF190F8BD50087AE07 /* main.m */,
				8C8A8FC1190F8BD50087AE07 /* SPDBClient-Prefix.pch */,
			);
			name = "Supporting Files";
			sourceTree = "<group>";
		};
		8C8A8FD8190F8BD50087AE07 /* SPDBClientTests */ = {
			isa = PBXGroup;
			children = (
				8CDAA3AC191271E20064F858 /* Logic */,
				8CAA19AD190FB70F00992379 /* Service */,
				8CAA19A6190FB2EB00992379 /* Configuration */,
				8CAA19A5190FB2E000992379 /* Mapping */,
				8CAA198A190F982C00992379 /* Fixtures */,
				8C8A8FD9190F8BD50087AE07 /* Supporting Files */,
			);
			path = SPDBClientTests;
			sourceTree = "<group>";
		};
		8C8A8FD9190F8BD50087AE07 /* Supporting Files */ = {
			isa = PBXGroup;
			children = (
				8C8A8FDA190F8BD50087AE07 /* SPDBClientTests-Info.plist */,
				8C8A8FDB190F8BD50087AE07 /* InfoPlist.strings */,
			);
			name = "Supporting Files";
			sourceTree = "<group>";
		};
		8CA9B9F119103A9D00A0368A /* ShortestPath */ = {
			isa = PBXGroup;
			children = (
				8CA9B9F219103AB400A0368A /* SPDBShortestPathFetcher.h */,
				8CA9B9F319103AB400A0368A /* SPDBShortestPathFetcher.m */,
				8CA9B9F519103ACD00A0368A /* SPDBShortestPathFetcherDelegate.h */,
			);
			name = ShortestPath;
			sourceTree = "<group>";
		};
		8CA9B9F619103F8800A0368A /* ShortestPath */ = {
			isa = PBXGroup;
			children = (
				8CA9B9F719103FA000A0368A /* SPDBShortestPathFetcherTests.m */,
			);
			name = ShortestPath;
			sourceTree = "<group>";
		};
		8CAA198A190F982C00992379 /* Fixtures */ = {
			isa = PBXGroup;
			children = (
				8CAA198B190F986A00992379 /* mapentry.json */,
				8CDAA3A61911AE580064F858 /* route.json */,
			);
			name = Fixtures;
			sourceTree = "<group>";
		};
		8CAA198D190F999500992379 /* Entity */ = {
			isa = PBXGroup;
			children = (
				8CAA198E190F99AA00992379 /* SPDBMapEntry.h */,
				8CAA198F190F99AA00992379 /* SPDBMapEntry.m */,
				8CDAA3A31911855C0064F858 /* SPDBRoute.h */,
				8CDAA3A41911855C0064F858 /* SPDBRoute.m */,
			);
			name = Entity;
			sourceTree = "<group>";
		};
		8CAA1991190F99F900992379 /* Mapping */ = {
			isa = PBXGroup;
			children = (
				8CAA1992190F9A0E00992379 /* SPDBMappingFactory.h */,
				8CAA1993190F9A0E00992379 /* SPDBMappingFactory.m */,
			);
			name = Mapping;
			sourceTree = "<group>";
		};
		8CAA1995190FACD000992379 /* Service */ = {
			isa = PBXGroup;
			children = (
				8CA9B9F119103A9D00A0368A /* ShortestPath */,
				8CAA19A9190FB46A00992379 /* ObjectManager */,
				8CAA1996190FACEE00992379 /* Request */,
			);
			name = Service;
			sourceTree = "<group>";
		};
		8CAA1996190FACEE00992379 /* Request */ = {
			isa = PBXGroup;
			children = (
				8CAA199B190FAD4000992379 /* ShortestPath */,
			);
			name = Request;
			sourceTree = "<group>";
		};
		8CAA199B190FAD4000992379 /* ShortestPath */ = {
			isa = PBXGroup;
			children = (
				8CAA199C190FAD6F00992379 /* SPDBShortestPathRequest.h */,
				8CAA199D190FAD6F00992379 /* SPDBShortestPathRequest.m */,
			);
			name = ShortestPath;
			sourceTree = "<group>";
		};
		8CAA199F190FB1A900992379 /* Configuration */ = {
			isa = PBXGroup;
			children = (
				8CAA19A0190FB1BF00992379 /* SPDBConfigurationProvider.h */,
				8CAA19A1190FB1BF00992379 /* SPDBConfigurationProvider.m */,
				8CAA19A3190FB1EB00992379 /* config.plist */,
			);
			name = Configuration;
			sourceTree = "<group>";
		};
		8CAA19A5190FB2E000992379 /* Mapping */ = {
			isa = PBXGroup;
			children = (
				8CAA1988190F978F00992379 /* SPDBServiceMappingTests.m */,
			);
			name = Mapping;
			sourceTree = "<group>";
		};
		8CAA19A6190FB2EB00992379 /* Configuration */ = {
			isa = PBXGroup;
			children = (
				8CAA19A7190FB35B00992379 /* SPDBConfigurationProviderTests.m */,
			);
			name = Configuration;
			sourceTree = "<group>";
		};
		8CAA19A9190FB46A00992379 /* ObjectManager */ = {
			isa = PBXGroup;
			children = (
				8CAA19AA190FB47D00992379 /* SPDBObjectManagerFactory.h */,
				8CAA19AB190FB47D00992379 /* SPDBObjectManagerFactory.m */,
			);
			name = ObjectManager;
			sourceTree = "<group>";
		};
		8CAA19AD190FB70F00992379 /* Service */ = {
			isa = PBXGroup;
			children = (
				8CA9B9F619103F8800A0368A /* ShortestPath */,
				8CAA19AE190FB71F00992379 /* ObjectManager */,
			);
			name = Service;
			sourceTree = "<group>";
		};
		8CAA19AE190FB71F00992379 /* ObjectManager */ = {
			isa = PBXGroup;
			children = (
				8CAA19AF190FB72F00992379 /* SPDBObjectManagerFactoryTests.m */,
			);
			name = ObjectManager;
			sourceTree = "<group>";
		};
		8CDAA3A8191271580064F858 /* Logic */ = {
			isa = PBXGroup;
			children = (
				8CDAA3A91912716A0064F858 /* SPDBDateUtilities.h */,
				8CDAA3AA1912716A0064F858 /* SPDBDateUtilities.m */,
			);
			name = Logic;
			sourceTree = "<group>";
		};
		8CDAA3AC191271E20064F858 /* Logic */ = {
			isa = PBXGroup;
			children = (
				8CDAA3AD1912720A0064F858 /* SPDBDateUtilitiesTests.m */,
			);
			name = Logic;
			sourceTree = "<group>";
		};
/* End PBXGroup section */

/* Begin PBXNativeTarget section */
		8C8A8FAF190F8BD50087AE07 /* SPDBClient */ = {
			isa = PBXNativeTarget;
			buildConfigurationList = 8C8A8FE2190F8BD50087AE07 /* Build configuration list for PBXNativeTarget "SPDBClient" */;
			buildPhases = (
				4F84D230604342FB9954DE76 /* Check Pods Manifest.lock */,
				8C8A8FAC190F8BD50087AE07 /* Sources */,
				8C8A8FAD190F8BD50087AE07 /* Frameworks */,
				8C8A8FAE190F8BD50087AE07 /* Resources */,
				A489CA79DB82456E8E970B78 /* Copy Pods Resources */,
			);
			buildRules = (
			);
			dependencies = (
			);
			name = SPDBClient;
			productName = SPDBClient;
			productReference = 8C8A8FB0190F8BD50087AE07 /* SPDBClient.app */;
			productType = "com.apple.product-type.application";
		};
		8C8A8FD0190F8BD50087AE07 /* SPDBClientTests */ = {
			isa = PBXNativeTarget;
			buildConfigurationList = 8C8A8FE5190F8BD50087AE07 /* Build configuration list for PBXNativeTarget "SPDBClientTests" */;
			buildPhases = (
				8C8A8FCD190F8BD50087AE07 /* Sources */,
				8C8A8FCE190F8BD50087AE07 /* Frameworks */,
				8C8A8FCF190F8BD50087AE07 /* Resources */,
			);
			buildRules = (
			);
			dependencies = (
				8C8A8FD7190F8BD50087AE07 /* PBXTargetDependency */,
			);
			name = SPDBClientTests;
			productName = SPDBClientTests;
			productReference = 8C8A8FD1190F8BD50087AE07 /* SPDBClientTests.xctest */;
			productType = "com.apple.product-type.bundle.unit-test";
		};
/* End PBXNativeTarget section */

/* Begin PBXProject section */
		8C8A8FA8190F8BD50087AE07 /* Project object */ = {
			isa = PBXProject;
			attributes = {
				CLASSPREFIX = SPDB;
				LastUpgradeCheck = 0510;
				ORGANIZATIONNAME = "Jakub Turek";
				TargetAttributes = {
					8C8A8FD0190F8BD50087AE07 = {
						TestTargetID = 8C8A8FAF190F8BD50087AE07;
					};
				};
			};
			buildConfigurationList = 8C8A8FAB190F8BD50087AE07 /* Build configuration list for PBXProject "SPDBClient" */;
			compatibilityVersion = "Xcode 3.2";
			developmentRegion = English;
			hasScannedForEncodings = 0;
			knownRegions = (
				en,
				Base,
				pl,
			);
			mainGroup = 8C8A8FA7190F8BD50087AE07;
			productRefGroup = 8C8A8FB1190F8BD50087AE07 /* Products */;
			projectDirPath = "";
			projectRoot = "";
			targets = (
				8C8A8FAF190F8BD50087AE07 /* SPDBClient */,
				8C8A8FD0190F8BD50087AE07 /* SPDBClientTests */,
			);
		};
/* End PBXProject section */

/* Begin PBXResourcesBuildPhase section */
		8C8A8FAE190F8BD50087AE07 /* Resources */ = {
			isa = PBXResourcesBuildPhase;
			buildActionMask = 2147483647;
			files = (
				8CAA19A4190FB1EB00992379 /* config.plist in Resources */,
				8C0A9E45192A8D81003224EE /* Localizable.strings in Resources */,
				8C8A8FCC190F8BD50087AE07 /* Images.xcassets in Resources */,
				8C6FC4BC1927F7A900366F89 /* Settings.bundle in Resources */,
				8C8A8FBE190F8BD50087AE07 /* InfoPlist.strings in Resources */,
				8C8A8FC7190F8BD50087AE07 /* Main.storyboard in Resources */,
			);
			runOnlyForDeploymentPostprocessing = 0;
		};
		8C8A8FCF190F8BD50087AE07 /* Resources */ = {
			isa = PBXResourcesBuildPhase;
			buildActionMask = 2147483647;
			files = (
				8CDAA3A71911AE580064F858 /* route.json in Resources */,
				8C8A8FDD190F8BD50087AE07 /* InfoPlist.strings in Resources */,
				8CAA198C190F986A00992379 /* mapentry.json in Resources */,
			);
			runOnlyForDeploymentPostprocessing = 0;
		};
/* End PBXResourcesBuildPhase section */

/* Begin PBXShellScriptBuildPhase section */
		4F84D230604342FB9954DE76 /* Check Pods Manifest.lock */ = {
			isa = PBXShellScriptBuildPhase;
			buildActionMask = 2147483647;
			files = (
			);
			inputPaths = (
			);
			name = "Check Pods Manifest.lock";
			outputPaths = (
			);
			runOnlyForDeploymentPostprocessing = 0;
			shellPath = /bin/sh;
			shellScript = "diff \"${PODS_ROOT}/../Podfile.lock\" \"${PODS_ROOT}/Manifest.lock\" > /dev/null\nif [[ $? != 0 ]] ; then\n    cat << EOM\nerror: The sandbox is not in sync with the Podfile.lock. Run 'pod install' or update your CocoaPods installation.\nEOM\n    exit 1\nfi\n";
			showEnvVarsInLog = 0;
		};
		A489CA79DB82456E8E970B78 /* Copy Pods Resources */ = {
			isa = PBXShellScriptBuildPhase;
			buildActionMask = 2147483647;
			files = (
			);
			inputPaths = (
			);
			name = "Copy Pods Resources";
			outputPaths = (
			);
			runOnlyForDeploymentPostprocessing = 0;
			shellPath = /bin/sh;
			shellScript = "\"${SRCROOT}/Pods/Pods-resources.sh\"\n";
			showEnvVarsInLog = 0;
		};
/* End PBXShellScriptBuildPhase section */

/* Begin PBXSourcesBuildPhase section */
		8C8A8FAC190F8BD50087AE07 /* Sources */ = {
			isa = PBXSourcesBuildPhase;
			buildActionMask = 2147483647;
			files = (
				8C8A8FC0190F8BD50087AE07 /* main.m in Sources */,
				8CAA19AC190FB47D00992379 /* SPDBObjectManagerFactory.m in Sources */,
				8CAA19A2190FB1BF00992379 /* SPDBConfigurationProvider.m in Sources */,
				8CAA1990190F99AA00992379 /* SPDBMapEntry.m in Sources */,
				8C88BD2C190FF0C700A61444 /* SPDBMapSelectionViewController.m in Sources */,
				8CA9B9F419103AB400A0368A /* SPDBShortestPathFetcher.m in Sources */,
				8CAA199E190FAD6F00992379 /* SPDBShortestPathRequest.m in Sources */,
				8CAA1994190F9A0E00992379 /* SPDBMappingFactory.m in Sources */,
				8CDAA3AB1912716A0064F858 /* SPDBDateUtilities.m in Sources */,
				8C88BD35191035EA00A61444 /* SPDBMapRouteProjectionViewController.m in Sources */,
				8C8A8FC4190F8BD50087AE07 /* SPDBAppDelegate.m in Sources */,
				8CDAA3A51911855C0064F858 /* SPDBRoute.m in Sources */,
				8C88BD26190FE8C300A61444 /* SPDBRootViewController.m in Sources */,
			);
			runOnlyForDeploymentPostprocessing = 0;
		};
		8C8A8FCD190F8BD50087AE07 /* Sources */ = {
			isa = PBXSourcesBuildPhase;
			buildActionMask = 2147483647;
			files = (
				8CAA19A8190FB35B00992379 /* SPDBConfigurationProviderTests.m in Sources */,
				8CDAA3AE1912720A0064F858 /* SPDBDateUtilitiesTests.m in Sources */,
				8CAA1989190F978F00992379 /* SPDBServiceMappingTests.m in Sources */,
				8CAA19B0190FB72F00992379 /* SPDBObjectManagerFactoryTests.m in Sources */,
				8CA9B9F819103FA000A0368A /* SPDBShortestPathFetcherTests.m in Sources */,
			);
			runOnlyForDeploymentPostprocessing = 0;
		};
/* End PBXSourcesBuildPhase section */

/* Begin PBXTargetDependency section */
		8C8A8FD7190F8BD50087AE07 /* PBXTargetDependency */ = {
			isa = PBXTargetDependency;
			target = 8C8A8FAF190F8BD50087AE07 /* SPDBClient */;
			targetProxy = 8C8A8FD6190F8BD50087AE07 /* PBXContainerItemProxy */;
		};
/* End PBXTargetDependency section */

/* Begin PBXVariantGroup section */
		8C0A9E47192A8D81003224EE /* Localizable.strings */ = {
			isa = PBXVariantGroup;
			children = (
				8C0A9E46192A8D81003224EE /* en */,
				8C0A9E48192A8D87003224EE /* pl */,
			);
			name = Localizable.strings;
			path = SPDBClient;
			sourceTree = "<group>";
		};
		8C8A8FBC190F8BD50087AE07 /* InfoPlist.strings */ = {
			isa = PBXVariantGroup;
			children = (
				8C8A8FBD190F8BD50087AE07 /* en */,
				8C0A9E41192A84B6003224EE /* pl */,
			);
			name = InfoPlist.strings;
			sourceTree = "<group>";
		};
		8C8A8FC5190F8BD50087AE07 /* Main.storyboard */ = {
			isa = PBXVariantGroup;
			children = (
				8C8A8FC6190F8BD50087AE07 /* Base */,
				8C0A9E40192A84B6003224EE /* pl */,
			);
			name = Main.storyboard;
			sourceTree = "<group>";
		};
		8C8A8FDB190F8BD50087AE07 /* InfoPlist.strings */ = {
			isa = PBXVariantGroup;
			children = (
				8C8A8FDC190F8BD50087AE07 /* en */,
				8C0A9E42192A84B6003224EE /* pl */,
			);
			name = InfoPlist.strings;
			sourceTree = "<group>";
		};
/* End PBXVariantGroup section */

/* Begin XCBuildConfiguration section */
		8C8A8FE0190F8BD50087AE07 /* Debug */ = {
			isa = XCBuildConfiguration;
			buildSettings = {
				ALWAYS_SEARCH_USER_PATHS = NO;
				CLANG_CXX_LANGUAGE_STANDARD = "gnu++0x";
				CLANG_CXX_LIBRARY = "libc++";
				CLANG_ENABLE_MODULES = YES;
				CLANG_ENABLE_OBJC_ARC = YES;
				CLANG_WARN_BOOL_CONVERSION = YES;
				CLANG_WARN_CONSTANT_CONVERSION = YES;
				CLANG_WARN_DIRECT_OBJC_ISA_USAGE = YES_ERROR;
				CLANG_WARN_EMPTY_BODY = YES;
				CLANG_WARN_ENUM_CONVERSION = YES;
				CLANG_WARN_INT_CONVERSION = YES;
				CLANG_WARN_OBJC_ROOT_CLASS = YES_ERROR;
				CLANG_WARN__DUPLICATE_METHOD_MATCH = YES;
				"CODE_SIGN_IDENTITY[sdk=iphoneos*]" = "iPhone Developer";
				COPY_PHASE_STRIP = NO;
				GCC_C_LANGUAGE_STANDARD = gnu99;
				GCC_DYNAMIC_NO_PIC = NO;
				GCC_OPTIMIZATION_LEVEL = 0;
				GCC_PREPROCESSOR_DEFINITIONS = (
					"DEBUG=1",
					"$(inherited)",
				);
				GCC_SYMBOLS_PRIVATE_EXTERN = NO;
				GCC_WARN_64_TO_32_BIT_CONVERSION = YES;
				GCC_WARN_ABOUT_RETURN_TYPE = YES_ERROR;
				GCC_WARN_UNDECLARED_SELECTOR = YES;
				GCC_WARN_UNINITIALIZED_AUTOS = YES_AGGRESSIVE;
				GCC_WARN_UNUSED_FUNCTION = YES;
				GCC_WARN_UNUSED_VARIABLE = YES;
				IPHONEOS_DEPLOYMENT_TARGET = 7.1;
				ONLY_ACTIVE_ARCH = YES;
				SDKROOT = iphoneos;
			};
			name = Debug;
		};
		8C8A8FE1190F8BD50087AE07 /* Release */ = {
			isa = XCBuildConfiguration;
			buildSettings = {
				ALWAYS_SEARCH_USER_PATHS = NO;
				CLANG_CXX_LANGUAGE_STANDARD = "gnu++0x";
				CLANG_CXX_LIBRARY = "libc++";
				CLANG_ENABLE_MODULES = YES;
				CLANG_ENABLE_OBJC_ARC = YES;
				CLANG_WARN_BOOL_CONVERSION = YES;
				CLANG_WARN_CONSTANT_CONVERSION = YES;
				CLANG_WARN_DIRECT_OBJC_ISA_USAGE = YES_ERROR;
				CLANG_WARN_EMPTY_BODY = YES;
				CLANG_WARN_ENUM_CONVERSION = YES;
				CLANG_WARN_INT_CONVERSION = YES;
				CLANG_WARN_OBJC_ROOT_CLASS = YES_ERROR;
				CLANG_WARN__DUPLICATE_METHOD_MATCH = YES;
				"CODE_SIGN_IDENTITY[sdk=iphoneos*]" = "iPhone Developer";
				COPY_PHASE_STRIP = YES;
				ENABLE_NS_ASSERTIONS = NO;
				GCC_C_LANGUAGE_STANDARD = gnu99;
				GCC_WARN_64_TO_32_BIT_CONVERSION = YES;
				GCC_WARN_ABOUT_RETURN_TYPE = YES_ERROR;
				GCC_WARN_UNDECLARED_SELECTOR = YES;
				GCC_WARN_UNINITIALIZED_AUTOS = YES_AGGRESSIVE;
				GCC_WARN_UNUSED_FUNCTION = YES;
				GCC_WARN_UNUSED_VARIABLE = YES;
				IPHONEOS_DEPLOYMENT_TARGET = 7.1;
				SDKROOT = iphoneos;
				VALIDATE_PRODUCT = YES;
			};
			name = Release;
		};
		8C8A8FE3190F8BD50087AE07 /* Debug */ = {
			isa = XCBuildConfiguration;
			baseConfigurationReference = BF32A380C4144B0C963535D0 /* Pods.xcconfig */;
			buildSettings = {
				ASSETCATALOG_COMPILER_APPICON_NAME = AppIcon;
				ASSETCATALOG_COMPILER_LAUNCHIMAGE_NAME = LaunchImage;
				GCC_PRECOMPILE_PREFIX_HEADER = YES;
				GCC_PREFIX_HEADER = "SPDBClient/SPDBClient-Prefix.pch";
				INFOPLIST_FILE = "SPDBClient/SPDBClient-Info.plist";
				PRODUCT_NAME = "$(TARGET_NAME)";
				WRAPPER_EXTENSION = app;
			};
			name = Debug;
		};
		8C8A8FE4190F8BD50087AE07 /* Release */ = {
			isa = XCBuildConfiguration;
			baseConfigurationReference = BF32A380C4144B0C963535D0 /* Pods.xcconfig */;
			buildSettings = {
				ASSETCATALOG_COMPILER_APPICON_NAME = AppIcon;
				ASSETCATALOG_COMPILER_LAUNCHIMAGE_NAME = LaunchImage;
				GCC_PRECOMPILE_PREFIX_HEADER = YES;
				GCC_PREFIX_HEADER = "SPDBClient/SPDBClient-Prefix.pch";
				INFOPLIST_FILE = "SPDBClient/SPDBClient-Info.plist";
				PRODUCT_NAME = "$(TARGET_NAME)";
				WRAPPER_EXTENSION = app;
			};
			name = Release;
		};
		8C8A8FE6190F8BD50087AE07 /* Debug */ = {
			isa = XCBuildConfiguration;
			baseConfigurationReference = BF32A380C4144B0C963535D0 /* Pods.xcconfig */;
			buildSettings = {
				BUNDLE_LOADER = "$(BUILT_PRODUCTS_DIR)/SPDBClient.app/SPDBClient";
				FRAMEWORK_SEARCH_PATHS = (
					"$(SDKROOT)/Developer/Library/Frameworks",
					"$(inherited)",
					"$(DEVELOPER_FRAMEWORKS_DIR)",
				);
				GCC_PRECOMPILE_PREFIX_HEADER = YES;
				GCC_PREFIX_HEADER = "SPDBClient/SPDBClient-Prefix.pch";
				GCC_PREPROCESSOR_DEFINITIONS = (
					"DEBUG=1",
					"$(inherited)",
				);
				INFOPLIST_FILE = "SPDBClientTests/SPDBClientTests-Info.plist";
				LIBRARY_SEARCH_PATHS = "$(inherited)";
				PRODUCT_NAME = "$(TARGET_NAME)";
				TEST_HOST = "$(BUNDLE_LOADER)";
				WRAPPER_EXTENSION = xctest;
			};
			name = Debug;
		};
		8C8A8FE7190F8BD50087AE07 /* Release */ = {
			isa = XCBuildConfiguration;
			baseConfigurationReference = BF32A380C4144B0C963535D0 /* Pods.xcconfig */;
			buildSettings = {
				BUNDLE_LOADER = "$(BUILT_PRODUCTS_DIR)/SPDBClient.app/SPDBClient";
				FRAMEWORK_SEARCH_PATHS = (
					"$(SDKROOT)/Developer/Library/Frameworks",
					"$(inherited)",
					"$(DEVELOPER_FRAMEWORKS_DIR)",
				);
				GCC_PRECOMPILE_PREFIX_HEADER = YES;
				GCC_PREFIX_HEADER = "SPDBClient/SPDBClient-Prefix.pch";
				INFOPLIST_FILE = "SPDBClientTests/SPDBClientTests-Info.plist";
				LIBRARY_SEARCH_PATHS = "$(inherited)";
				PRODUCT_NAME = "$(TARGET_NAME)";
				TEST_HOST = "$(BUNDLE_LOADER)";
				WRAPPER_EXTENSION = xctest;
			};
			name = Release;
		};
/* End XCBuildConfiguration section */

/* Begin XCConfigurationList section */
		8C8A8FAB190F8BD50087AE07 /* Build configuration list for PBXProject "SPDBClient" */ = {
			isa = XCConfigurationList;
			buildConfigurations = (
				8C8A8FE0190F8BD50087AE07 /* Debug */,
				8C8A8FE1190F8BD50087AE07 /* Release */,
			);
			defaultConfigurationIsVisible = 0;
			defaultConfigurationName = Release;
		};
		8C8A8FE2190F8BD50087AE07 /* Build configuration list for PBXNativeTarget "SPDBClient" */ = {
			isa = XCConfigurationList;
			buildConfigurations = (
				8C8A8FE3190F8BD50087AE07 /* Debug */,
				8C8A8FE4190F8BD50087AE07 /* Release */,
			);
			defaultConfigurationIsVisible = 0;
			defaultConfigurationName = Release;
		};
		8C8A8FE5190F8BD50087AE07 /* Build configuration list for PBXNativeTarget "SPDBClientTests" */ = {
			isa = XCConfigurationList;
			buildConfigurations = (
				8C8A8FE6190F8BD50087AE07 /* Debug */,
				8C8A8FE7190F8BD50087AE07 /* Release */,
			);
			defaultConfigurationIsVisible = 0;
			defaultConfigurationName = Release;
		};
/* End XCConfigurationList section */
	};
	rootObject = 8C8A8FA8190F8BD50087AE07 /* Project object */;
}
